
Microsoft Visual Studio Solution File, Format Version 12.00
# Visual Studio Version 16
VisualStudioVersion = 16.0.29509.3
MinimumVisualStudioVersion = 10.0.40219.1
Project("{FAE04EC0-301F-11D3-BF4B-00C04F79EFBC}") = "LabCode", "LabCode.csproj", "{D1D50D6F-4CBA-4755-A5F7-B106DE38DC6A}"
EndProject
Global
	GlobalSection(SolutionConfigurationPlatforms) = preSolution
		Debug|Any CPU = Debug|Any CPU
		Release|Any CPU = Release|Any CPU
	EndGlobalSection
	GlobalSection(ProjectConfigurationPlatforms) = postSolution
		{D1D50D6F-4CBA-4755-A5F7-B106DE38DC6A}.Debug|Any CPU.ActiveCfg = Debug|Any CPU
		{D1D50D6F-4CBA-4755-A5F7-B106DE38DC6A}.Debug|Any CPU.Build.0 = Debug|Any CPU
		{D1D50D6F-4CBA-4755-A5F7-B106DE38DC6A}.Release|Any CPU.ActiveCfg = Release|Any CPU
		{D1D50D6F-4CBA-4755-A5F7-B106DE38DC6A}.Release|Any CPU.Build.0 = Release|Any CPU
	EndGlobalSection
	GlobalSection(SolutionProperties) = preSolution
		HideSolutionNode = FALSE
	EndGlobalSection
	GlobalSection(ExtensibilityGlobals) = postSolution
		SolutionGuid = {69A5B949-E42D-4C50-9747-B29532C7BEC4}
	EndGlobalSection
EndGlobal
